<?xml version="1.0" encoding="utf-8"?>
<Project ToolsVersion="4.0" xmlns="http://schemas.microsoft.com/developer/msbuild/2003">
  <ItemGroup>
    <Filter Include="소스 파일">
      <UniqueIdentifier>{4FC737F1-C7A5-4376-A066-2A32D752A2FF}</UniqueIdentifier>
      <Extensions>cpp;c;cc;cxx;def;odl;idl;hpj;bat;asm;asmx</Extensions>
    </Filter>
    <Filter Include="헤더 파일">
      <UniqueIdentifier>{93995380-89BD-4b04-88EB-625FBE52EBFB}</UniqueIdentifier>
      <Extensions>h;hpp;hxx;hm;inl;inc;xsd</Extensions>
    </Filter>
    <Filter Include="리소스 파일">
      <UniqueIdentifier>{67DA6AB6-F800-4c08-8B7A-83BB121AAD01}</UniqueIdentifier>
      <Extensions>rc;ico;cur;bmp;dlg;rc2;rct;bin;rgs;gif;jpg;jpeg;jpe;resx;tiff;tif;png;wav;mfcribbon-ms</Extensions>
    </Filter>
  </ItemGroup>
  <ItemGroup>
    <Text Include="res\macro.txt">
      <Filter>리소스 파일</Filter>
    </Text>
    <Text Include="res\mobile.txt">
      <Filter>리소스 파일</Filter>
    </Text>
    <Text Include="res\pico.txt">
      <Filter>리소스 파일</Filter>
    </Text>
  </ItemGroup>
  <ItemGroup>
    <ClCompile Include="src\func.cpp">
      <Filter>소스 파일</Filter>
    </ClCompile>
    <ClCompile Include="src\macro.cpp">
      <Filter>소스 파일</Filter>
    </ClCompile>
    <ClCompile Include="src\macro_mobile.cpp">
      <Filter>소스 파일</Filter>
    </ClCompile>
    <ClCompile Include="src\main.cpp">
      <Filter>소스 파일</Filter>
    </ClCompile>
    <ClCompile Include="src\mobile.cpp">
      <Filter>소스 파일</Filter>
    </ClCompile>
    <ClCompile Include="src\pico.cpp">
      <Filter>소스 파일</Filter>
    </ClCompile>
    <ClCompile Include="src\pico_mobile.cpp">
      <Filter>소스 파일</Filter>
    </ClCompile>
    <ClCompile Include="src\pa1.cpp">
      <Filter>소스 파일</Filter>
    </ClCompile>
    <ClCompile Include="src\pa2.cpp">
      <Filter>소스 파일</Filter>
    </ClCompile>
    <ClCompile Include="src\pa3.cpp">
      <Filter>소스 파일</Filter>
    </ClCompile>
    <ClCompile Include="basestation.cpp">
      <Filter>소스 파일</Filter>
    </ClCompile>
  </ItemGroup>
  <ItemGroup>
    <ClInclude Include="src\config.h">
      <Filter>헤더 파일</Filter>
    </ClInclude>
    <ClInclude Include="src\func.h">
      <Filter>헤더 파일</Filter>
    </ClInclude>
    <ClInclude Include="src\macro.h">
      <Filter>헤더 파일</Filter>
    </ClInclude>
    <ClInclude Include="src\macro_mobile.h">
      <Filter>헤더 파일</Filter>
    </ClInclude>
    <ClInclude Include="src\mobile.h">
      <Filter>헤더 파일</Filter>
    </ClInclude>
    <ClInclude Include="src\pico.h">
      <Filter>헤더 파일</Filter>
    </ClInclude>
    <ClInclude Include="src\pico_mobile.h">
      <Filter>헤더 파일</Filter>
    </ClInclude>
    <ClInclude Include="src\pa1.h">
      <Filter>헤더 파일</Filter>
    </ClInclude>
    <ClInclude Include="src\main.h">
      <Filter>헤더 파일</Filter>
    </ClInclude>
    <ClInclude Include="src\pa2.h">
      <Filter>헤더 파일</Filter>
    </ClInclude>
    <ClInclude Include="src\pa3.h">
      <Filter>헤더 파일</Filter>
    </ClInclude>
    <ClInclude Include="basestation.h">
      <Filter>헤더 파일</Filter>
    </ClInclude>
  </ItemGroup>
</Project>